// !$*UTF8*$!
{
	archiveVersion = 1;
	classes = {
	};
	objectVersion = 50;
	objects = {

/* Begin PBXBuildFile section */
		44F275E5221BD8F900B00994 /* AppDelegate.swift in Sources */ = {isa = PBXBuildFile; fileRef = 44F275E4221BD8F900B00994 /* AppDelegate.swift */; };
		44F275EA221BD8F900B00994 /* Main.storyboard in Resources */ = {isa = PBXBuildFile; fileRef = 44F275E8221BD8F900B00994 /* Main.storyboard */; };
		44F275EC221BD8FC00B00994 /* Assets.xcassets in Resources */ = {isa = PBXBuildFile; fileRef = 44F275EB221BD8FC00B00994 /* Assets.xcassets */; };
		44F275EF221BD8FC00B00994 /* LaunchScreen.storyboard in Resources */ = {isa = PBXBuildFile; fileRef = 44F275ED221BD8FC00B00994 /* LaunchScreen.storyboard */; };
		44F275FA221BD8FC00B00994 /* CleanIOSTests.swift in Sources */ = {isa = PBXBuildFile; fileRef = 44F275F9221BD8FC00B00994 /* CleanIOSTests.swift */; };
		44F27605221BD8FC00B00994 /* CleanIOSUITests.swift in Sources */ = {isa = PBXBuildFile; fileRef = 44F27604221BD8FC00B00994 /* CleanIOSUITests.swift */; };
		44F2761C221BE4D200B00994 /* ProductsListViewController.swift in Sources */ = {isa = PBXBuildFile; fileRef = 44F27619221BE4D200B00994 /* ProductsListViewController.swift */; };
		44F2761D221BE4D200B00994 /* ProductListWorker.swift in Sources */ = {isa = PBXBuildFile; fileRef = 44F2761A221BE4D200B00994 /* ProductListWorker.swift */; };
		44F2761E221BE4D200B00994 /* ProductsListInteractor.swift in Sources */ = {isa = PBXBuildFile; fileRef = 44F2761B221BE4D200B00994 /* ProductsListInteractor.swift */; };
		44F27620221BE6F400B00994 /* ProductsListViewModel.swift in Sources */ = {isa = PBXBuildFile; fileRef = 44F2761F221BE6F400B00994 /* ProductsListViewModel.swift */; };
		44F27622221C0FA500B00994 /* ProductsListPresenter.swift in Sources */ = {isa = PBXBuildFile; fileRef = 44F27621221C0FA500B00994 /* ProductsListPresenter.swift */; };
		44F27625221D2E4800B00994 /* CustomTableViewTableViewCell.swift in Sources */ = {isa = PBXBuildFile; fileRef = 44F27624221D2E4800B00994 /* CustomTableViewTableViewCell.swift */; };
		44F27627221D5FC800B00994 /* ProductsListRouter.swift in Sources */ = {isa = PBXBuildFile; fileRef = 44F27626221D5FC800B00994 /* ProductsListRouter.swift */; };
		44F2762A221D6AC000B00994 /* ProductDetailViewController.swift in Sources */ = {isa = PBXBuildFile; fileRef = 44F27629221D6AC000B00994 /* ProductDetailViewController.swift */; };
		44F2762C221E888100B00994 /* ProductDetailRouter.swift in Sources */ = {isa = PBXBuildFile; fileRef = 44F2762B221E888100B00994 /* ProductDetailRouter.swift */; };
/* End PBXBuildFile section */

/* Begin PBXContainerItemProxy section */
		44F275F6221BD8FC00B00994 /* PBXContainerItemProxy */ = {
			isa = PBXContainerItemProxy;
			containerPortal = 44F275D9221BD8F900B00994 /* Project object */;
			proxyType = 1;
			remoteGlobalIDString = 44F275E0221BD8F900B00994;
			remoteInfo = CleanIOS;
		};
		44F27601221BD8FC00B00994 /* PBXContainerItemProxy */ = {
			isa = PBXContainerItemProxy;
			containerPortal = 44F275D9221BD8F900B00994 /* Project object */;
			proxyType = 1;
			remoteGlobalIDString = 44F275E0221BD8F900B00994;
			remoteInfo = CleanIOS;
		};
/* End PBXContainerItemProxy section */

/* Begin PBXFileReference section */
		44F275E1221BD8F900B00994 /* CleanIOS.app */ = {isa = PBXFileReference; explicitFileType = wrapper.application; includeInIndex = 0; path = CleanIOS.app; sourceTree = BUILT_PRODUCTS_DIR; };
		44F275E4221BD8F900B00994 /* AppDelegate.swift */ = {isa = PBXFileReference; lastKnownFileType = sourcecode.swift; path = AppDelegate.swift; sourceTree = "<group>"; };
		44F275E9221BD8F900B00994 /* Base */ = {isa = PBXFileReference; lastKnownFileType = file.storyboard; name = Base; path = Base.lproj/Main.storyboard; sourceTree = "<group>"; };
		44F275EB221BD8FC00B00994 /* Assets.xcassets */ = {isa = PBXFileReference; lastKnownFileType = folder.assetcatalog; path = Assets.xcassets; sourceTree = "<group>"; };
		44F275EE221BD8FC00B00994 /* Base */ = {isa = PBXFileReference; lastKnownFileType = file.storyboard; name = Base; path = Base.lproj/LaunchScreen.storyboard; sourceTree = "<group>"; };
		44F275F0221BD8FC00B00994 /* Info.plist */ = {isa = PBXFileReference; lastKnownFileType = text.plist.xml; path = Info.plist; sourceTree = "<group>"; };
		44F275F5221BD8FC00B00994 /* CleanIOSTests.xctest */ = {isa = PBXFileReference; explicitFileType = wrapper.cfbundle; includeInIndex = 0; path = CleanIOSTests.xctest; sourceTree = BUILT_PRODUCTS_DIR; };
		44F275F9221BD8FC00B00994 /* CleanIOSTests.swift */ = {isa = PBXFileReference; lastKnownFileType = sourcecode.swift; path = CleanIOSTests.swift; sourceTree = "<group>"; };
		44F275FB221BD8FC00B00994 /* Info.plist */ = {isa = PBXFileReference; lastKnownFileType = text.plist.xml; path = Info.plist; sourceTree = "<group>"; };
		44F27600221BD8FC00B00994 /* CleanIOSUITests.xctest */ = {isa = PBXFileReference; explicitFileType = wrapper.cfbundle; includeInIndex = 0; path = CleanIOSUITests.xctest; sourceTree = BUILT_PRODUCTS_DIR; };
		44F27604221BD8FC00B00994 /* CleanIOSUITests.swift */ = {isa = PBXFileReference; lastKnownFileType = sourcecode.swift; path = CleanIOSUITests.swift; sourceTree = "<group>"; };
		44F27606221BD8FC00B00994 /* Info.plist */ = {isa = PBXFileReference; lastKnownFileType = text.plist.xml; path = Info.plist; sourceTree = "<group>"; };
		44F27619221BE4D200B00994 /* ProductsListViewController.swift */ = {isa = PBXFileReference; fileEncoding = 4; lastKnownFileType = sourcecode.swift; path = ProductsListViewController.swift; sourceTree = "<group>"; };
		44F2761A221BE4D200B00994 /* ProductListWorker.swift */ = {isa = PBXFileReference; fileEncoding = 4; lastKnownFileType = sourcecode.swift; path = ProductListWorker.swift; sourceTree = "<group>"; };
		44F2761B221BE4D200B00994 /* ProductsListInteractor.swift */ = {isa = PBXFileReference; fileEncoding = 4; lastKnownFileType = sourcecode.swift; path = ProductsListInteractor.swift; sourceTree = "<group>"; };
		44F2761F221BE6F400B00994 /* ProductsListViewModel.swift */ = {isa = PBXFileReference; lastKnownFileType = sourcecode.swift; path = ProductsListViewModel.swift; sourceTree = "<group>"; };
		44F27621221C0FA500B00994 /* ProductsListPresenter.swift */ = {isa = PBXFileReference; lastKnownFileType = sourcecode.swift; path = ProductsListPresenter.swift; sourceTree = "<group>"; };
		44F27624221D2E4800B00994 /* CustomTableViewTableViewCell.swift */ = {isa = PBXFileReference; lastKnownFileType = sourcecode.swift; path = CustomTableViewTableViewCell.swift; sourceTree = "<group>"; };
		44F27626221D5FC800B00994 /* ProductsListRouter.swift */ = {isa = PBXFileReference; lastKnownFileType = sourcecode.swift; path = ProductsListRouter.swift; sourceTree = "<group>"; };
		44F27629221D6AC000B00994 /* ProductDetailViewController.swift */ = {isa = PBXFileReference; lastKnownFileType = sourcecode.swift; path = ProductDetailViewController.swift; sourceTree = "<group>"; };
		44F2762B221E888100B00994 /* ProductDetailRouter.swift */ = {isa = PBXFileReference; lastKnownFileType = sourcecode.swift; path = ProductDetailRouter.swift; sourceTree = "<group>"; };
/* End PBXFileReference section */

/* Begin PBXFrameworksBuildPhase section */
		44F275DE221BD8F900B00994 /* Frameworks */ = {
			isa = PBXFrameworksBuildPhase;
			buildActionMask = 2147483647;
			files = (
			);
			runOnlyForDeploymentPostprocessing = 0;
		};
		44F275F2221BD8FC00B00994 /* Frameworks */ = {
			isa = PBXFrameworksBuildPhase;
			buildActionMask = 2147483647;
			files = (
			);
			runOnlyForDeploymentPostprocessing = 0;
		};
		44F275FD221BD8FC00B00994 /* Frameworks */ = {
			isa = PBXFrameworksBuildPhase;
			buildActionMask = 2147483647;
			files = (
			);
			runOnlyForDeploymentPostprocessing = 0;
		};
/* End PBXFrameworksBuildPhase section */

/* Begin PBXGroup section */
		44F275D8221BD8F900B00994 = {
			isa = PBXGroup;
			children = (
				44F275E3221BD8F900B00994 /* CleanIOS */,
				44F275F8221BD8FC00B00994 /* CleanIOSTests */,
				44F27603221BD8FC00B00994 /* CleanIOSUITests */,
				44F275E2221BD8F900B00994 /* Products */,
			);
			sourceTree = "<group>";
		};
		44F275E2221BD8F900B00994 /* Products */ = {
			isa = PBXGroup;
			children = (
				44F275E1221BD8F900B00994 /* CleanIOS.app */,
				44F275F5221BD8FC00B00994 /* CleanIOSTests.xctest */,
				44F27600221BD8FC00B00994 /* CleanIOSUITests.xctest */,
			);
			name = Products;
			sourceTree = "<group>";
		};
		44F275E3221BD8F900B00994 /* CleanIOS */ = {
			isa = PBXGroup;
			children = (
				44F27616221BE42E00B00994 /* Scenes */,
				44F275E4221BD8F900B00994 /* AppDelegate.swift */,
				44F275E8221BD8F900B00994 /* Main.storyboard */,
				44F275EB221BD8FC00B00994 /* Assets.xcassets */,
				44F275ED221BD8FC00B00994 /* LaunchScreen.storyboard */,
				44F275F0221BD8FC00B00994 /* Info.plist */,
			);
			path = CleanIOS;
			sourceTree = "<group>";
		};
		44F275F8221BD8FC00B00994 /* CleanIOSTests */ = {
			isa = PBXGroup;
			children = (
				44F275F9221BD8FC00B00994 /* CleanIOSTests.swift */,
				44F275FB221BD8FC00B00994 /* Info.plist */,
			);
			path = CleanIOSTests;
			sourceTree = "<group>";
		};
		44F27603221BD8FC00B00994 /* CleanIOSUITests */ = {
			isa = PBXGroup;
			children = (
				44F27604221BD8FC00B00994 /* CleanIOSUITests.swift */,
				44F27606221BD8FC00B00994 /* Info.plist */,
			);
			path = CleanIOSUITests;
			sourceTree = "<group>";
		};
		44F27616221BE42E00B00994 /* Scenes */ = {
			isa = PBXGroup;
			children = (
				44F27628221D6AA100B00994 /* ProductDetail */,
				44F27618221BE4D200B00994 /* ProductsList */,
			);
			path = Scenes;
			sourceTree = "<group>";
		};
		44F27618221BE4D200B00994 /* ProductsList */ = {
			isa = PBXGroup;
			children = (
				44F27623221D2BD700B00994 /* Controls */,
				44F27619221BE4D200B00994 /* ProductsListViewController.swift */,
				44F2761A221BE4D200B00994 /* ProductListWorker.swift */,
				44F2761B221BE4D200B00994 /* ProductsListInteractor.swift */,
				44F2761F221BE6F400B00994 /* ProductsListViewModel.swift */,
				44F27621221C0FA500B00994 /* ProductsListPresenter.swift */,
				44F27626221D5FC800B00994 /* ProductsListRouter.swift */,
			);
			path = ProductsList;
			sourceTree = "<group>";
		};
		44F27623221D2BD700B00994 /* Controls */ = {
			isa = PBXGroup;
			children = (
				44F27624221D2E4800B00994 /* CustomTableViewTableViewCell.swift */,
			);
			path = Controls;
			sourceTree = "<group>";
		};
		44F27628221D6AA100B00994 /* ProductDetail */ = {
			isa = PBXGroup;
			children = (
				44F27629221D6AC000B00994 /* ProductDetailViewController.swift */,
				44F2762B221E888100B00994 /* ProductDetailRouter.swift */,
			);
			path = ProductDetail;
			sourceTree = "<group>";
		};
/* End PBXGroup section */

/* Begin PBXNativeTarget section */
		44F275E0221BD8F900B00994 /* CleanIOS */ = {
			isa = PBXNativeTarget;
			buildConfigurationList = 44F27609221BD8FC00B00994 /* Build configuration list for PBXNativeTarget "CleanIOS" */;
			buildPhases = (
				44F275DD221BD8F900B00994 /* Sources */,
				44F275DE221BD8F900B00994 /* Frameworks */,
				44F275DF221BD8F900B00994 /* Resources */,
			);
			buildRules = (
			);
			dependencies = (
			);
			name = CleanIOS;
			productName = CleanIOS;
			productReference = 44F275E1221BD8F900B00994 /* CleanIOS.app */;
			productType = "com.apple.product-type.application";
		};
		44F275F4221BD8FC00B00994 /* CleanIOSTests */ = {
			isa = PBXNativeTarget;
			buildConfigurationList = 44F2760C221BD8FC00B00994 /* Build configuration list for PBXNativeTarget "CleanIOSTests" */;
			buildPhases = (
				44F275F1221BD8FC00B00994 /* Sources */,
				44F275F2221BD8FC00B00994 /* Frameworks */,
				44F275F3221BD8FC00B00994 /* Resources */,
			);
			buildRules = (
			);
			dependencies = (
				44F275F7221BD8FC00B00994 /* PBXTargetDependency */,
			);
			name = CleanIOSTests;
			productName = CleanIOSTests;
			productReference = 44F275F5221BD8FC00B00994 /* CleanIOSTests.xctest */;
			productType = "com.apple.product-type.bundle.unit-test";
		};
		44F275FF221BD8FC00B00994 /* CleanIOSUITests */ = {
			isa = PBXNativeTarget;
			buildConfigurationList = 44F2760F221BD8FC00B00994 /* Build configuration list for PBXNativeTarget "CleanIOSUITests" */;
			buildPhases = (
				44F275FC221BD8FC00B00994 /* Sources */,
				44F275FD221BD8FC00B00994 /* Frameworks */,
				44F275FE221BD8FC00B00994 /* Resources */,
			);
			buildRules = (
			);
			dependencies = (
				44F27602221BD8FC00B00994 /* PBXTargetDependency */,
			);
			name = CleanIOSUITests;
			productName = CleanIOSUITests;
			productReference = 44F27600221BD8FC00B00994 /* CleanIOSUITests.xctest */;
			productType = "com.apple.product-type.bundle.ui-testing";
		};
/* End PBXNativeTarget section */

/* Begin PBXProject section */
		44F275D9221BD8F900B00994 /* Project object */ = {
			isa = PBXProject;
			attributes = {
				LastSwiftUpdateCheck = 1010;
				LastUpgradeCheck = 1010;
				ORGANIZATIONNAME = "Shahbaz Khan";
				TargetAttributes = {
					44F275E0221BD8F900B00994 = {
						CreatedOnToolsVersion = 10.1;
					};
					44F275F4221BD8FC00B00994 = {
						CreatedOnToolsVersion = 10.1;
						TestTargetID = 44F275E0221BD8F900B00994;
					};
					44F275FF221BD8FC00B00994 = {
						CreatedOnToolsVersion = 10.1;
						TestTargetID = 44F275E0221BD8F900B00994;
					};
				};
			};
			buildConfigurationList = 44F275DC221BD8F900B00994 /* Build configuration list for PBXProject "CleanIOS" */;
			compatibilityVersion = "Xcode 9.3";
			developmentRegion = en;
			hasScannedForEncodings = 0;
			knownRegions = (
				en,
				Base,
			);
			mainGroup = 44F275D8221BD8F900B00994;
			productRefGroup = 44F275E2221BD8F900B00994 /* Products */;
			projectDirPath = "";
			projectRoot = "";
			targets = (
				44F275E0221BD8F900B00994 /* CleanIOS */,
				44F275F4221BD8FC00B00994 /* CleanIOSTests */,
				44F275FF221BD8FC00B00994 /* CleanIOSUITests */,
			);
		};
/* End PBXProject section */

/* Begin PBXResourcesBuildPhase section */
		44F275DF221BD8F900B00994 /* Resources */ = {
			isa = PBXResourcesBuildPhase;
			buildActionMask = 2147483647;
			files = (
				44F275EF221BD8FC00B00994 /* LaunchScreen.storyboard in Resources */,
				44F275EC221BD8FC00B00994 /* Assets.xcassets in Resources */,
				44F275EA221BD8F900B00994 /* Main.storyboard in Resources */,
			);
			runOnlyForDeploymentPostprocessing = 0;
		};
		44F275F3221BD8FC00B00994 /* Resources */ = {
			isa = PBXResourcesBuildPhase;
			buildActionMask = 2147483647;
			files = (
			);
			runOnlyForDeploymentPostprocessing = 0;
		};
		44F275FE221BD8FC00B00994 /* Resources */ = {
			isa = PBXResourcesBuildPhase;
			buildActionMask = 2147483647;
			files = (
			);
			runOnlyForDeploymentPostprocessing = 0;
		};
/* End PBXResourcesBuildPhase section */

/* Begin PBXSourcesBuildPhase section */
		44F275DD221BD8F900B00994 /* Sources */ = {
			isa = PBXSourcesBuildPhase;
			buildActionMask = 2147483647;
			files = (
				44F27622221C0FA500B00994 /* ProductsListPresenter.swift in Sources */,
				44F27625221D2E4800B00994 /* CustomTableViewTableViewCell.swift in Sources */,
				44F2762A221D6AC000B00994 /* ProductDetailViewController.swift in Sources */,
				44F2761D221BE4D200B00994 /* ProductListWorker.swift in Sources */,
				44F2761C221BE4D200B00994 /* ProductsListViewController.swift in Sources */,
				44F27627221D5FC800B00994 /* ProductsListRouter.swift in Sources */,
				44F2761E221BE4D200B00994 /* ProductsListInteractor.swift in Sources */,
				44F2762C221E888100B00994 /* ProductDetailRouter.swift in Sources */,
				44F275E5221BD8F900B00994 /* AppDelegate.swift in Sources */,
				44F27620221BE6F400B00994 /* ProductsListViewModel.swift in Sources */,
			);
			runOnlyForDeploymentPostprocessing = 0;
		};
		44F275F1221BD8FC00B00994 /* Sources */ = {
			isa = PBXSourcesBuildPhase;
			buildActionMask = 2147483647;
			files = (
				44F275FA221BD8FC00B00994 /* CleanIOSTests.swift in Sources */,
			);
			runOnlyForDeploymentPostprocessing = 0;
		};
		44F275FC221BD8FC00B00994 /* Sources */ = {
			isa = PBXSourcesBuildPhase;
			buildActionMask = 2147483647;
			files = (
				44F27605221BD8FC00B00994 /* CleanIOSUITests.swift in Sources */,
			);
			runOnlyForDeploymentPostprocessing = 0;
		};
/* End PBXSourcesBuildPhase section */

/* Begin PBXTargetDependency section */
		44F275F7221BD8FC00B00994 /* PBXTargetDependency */ = {
			isa = PBXTargetDependency;
			target = 44F275E0221BD8F900B00994 /* CleanIOS */;
			targetProxy = 44F275F6221BD8FC00B00994 /* PBXContainerItemProxy */;
		};
		44F27602221BD8FC00B00994 /* PBXTargetDependency */ = {
			isa = PBXTargetDependency;
			target = 44F275E0221BD8F900B00994 /* CleanIOS */;
			targetProxy = 44F27601221BD8FC00B00994 /* PBXContainerItemProxy */;
		};
/* End PBXTargetDependency section */

/* Begin PBXVariantGroup section */
		44F275E8221BD8F900B00994 /* Main.storyboard */ = {
			isa = PBXVariantGroup;
			children = (
				44F275E9221BD8F900B00994 /* Base */,
			);
			name = Main.storyboard;
			sourceTree = "<group>";
		};
		44F275ED221BD8FC00B00994 /* LaunchScreen.storyboard */ = {
			isa = PBXVariantGroup;
			children = (
				44F275EE221BD8FC00B00994 /* Base */,
			);
			name = LaunchScreen.storyboard;
			sourceTree = "<group>";
		};
/* End PBXVariantGroup section */

/* Begin XCBuildConfiguration section */
		44F27607221BD8FC00B00994 /* Debug */ = {
			isa = XCBuildConfiguration;
			buildSettings = {
				ALWAYS_SEARCH_USER_PATHS = NO;
				CLANG_ANALYZER_NONNULL = YES;
				CLANG_ANALYZER_NUMBER_OBJECT_CONVERSION = YES_AGGRESSIVE;
				CLANG_CXX_LANGUAGE_STANDARD = "gnu++14";
				CLANG_CXX_LIBRARY = "libc++";
				CLANG_ENABLE_MODULES = YES;
				CLANG_ENABLE_OBJC_ARC = YES;
				CLANG_ENABLE_OBJC_WEAK = YES;
				CLANG_WARN_BLOCK_CAPTURE_AUTORELEASING = YES;
				CLANG_WARN_BOOL_CONVERSION = YES;
				CLANG_WARN_COMMA = YES;
				CLANG_WARN_CONSTANT_CONVERSION = YES;
				CLANG_WARN_DEPRECATED_OBJC_IMPLEMENTATIONS = YES;
				CLANG_WARN_DIRECT_OBJC_ISA_USAGE = YES_ERROR;
				CLANG_WARN_DOCUMENTATION_COMMENTS = YES;
				CLANG_WARN_EMPTY_BODY = YES;
				CLANG_WARN_ENUM_CONVERSION = YES;
				CLANG_WARN_INFINITE_RECURSION = YES;
				CLANG_WARN_INT_CONVERSION = YES;
				CLANG_WARN_NON_LITERAL_NULL_CONVERSION = YES;
				CLANG_WARN_OBJC_IMPLICIT_RETAIN_SELF = YES;
				CLANG_WARN_OBJC_LITERAL_CONVERSION = YES;
				CLANG_WARN_OBJC_ROOT_CLASS = YES_ERROR;
				CLANG_WARN_RANGE_LOOP_ANALYSIS = YES;
				CLANG_WARN_STRICT_PROTOTYPES = YES;
				CLANG_WARN_SUSPICIOUS_MOVE = YES;
				CLANG_WARN_UNGUARDED_AVAILABILITY = YES_AGGRESSIVE;
				CLANG_WARN_UNREACHABLE_CODE = YES;
				CLANG_WARN__DUPLICATE_METHOD_MATCH = YES;
				CODE_SIGN_IDENTITY = "iPhone Developer";
				COPY_PHASE_STRIP = NO;
				DEBUG_INFORMATION_FORMAT = dwarf;
				ENABLE_STRICT_OBJC_MSGSEND = YES;
				ENABLE_TESTABILITY = YES;
				GCC_C_LANGUAGE_STANDARD = gnu11;
				GCC_DYNAMIC_NO_PIC = NO;
				GCC_NO_COMMON_BLOCKS = YES;
				GCC_OPTIMIZATION_LEVEL = 0;
				GCC_PREPROCESSOR_DEFINITIONS = (
					"DEBUG=1",
					"$(inherited)",
				);
				GCC_WARN_64_TO_32_BIT_CONVERSION = YES;
				GCC_WARN_ABOUT_RETURN_TYPE = YES_ERROR;
				GCC_WARN_UNDECLARED_SELECTOR = YES;
				GCC_WARN_UNINITIALIZED_AUTOS = YES_AGGRESSIVE;
				GCC_WARN_UNUSED_FUNCTION = YES;
				GCC_WARN_UNUSED_VARIABLE = YES;
				IPHONEOS_DEPLOYMENT_TARGET = 12.1;
				MTL_ENABLE_DEBUG_INFO = INCLUDE_SOURCE;
				MTL_FAST_MATH = YES;
				ONLY_ACTIVE_ARCH = YES;
				SDKROOT = iphoneos;
				SWIFT_ACTIVE_COMPILATION_CONDITIONS = DEBUG;
				SWIFT_OPTIMIZATION_LEVEL = "-Onone";
			};
			name = Debug;
		};
		44F27608221BD8FC00B00994 /* Release */ = {
			isa = XCBuildConfiguration;
			buildSettings = {
				ALWAYS_SEARCH_USER_PATHS = NO;
				CLANG_ANALYZER_NONNULL = YES;
				CLANG_ANALYZER_NUMBER_OBJECT_CONVERSION = YES_AGGRESSIVE;
				CLANG_CXX_LANGUAGE_STANDARD = "gnu++14";
				CLANG_CXX_LIBRARY = "libc++";
				CLANG_ENABLE_MODULES = YES;
				CLANG_ENABLE_OBJC_ARC = YES;
				CLANG_ENABLE_OBJC_WEAK = YES;
				CLANG_WARN_BLOCK_CAPTURE_AUTORELEASING = YES;
				CLANG_WARN_BOOL_CONVERSION = YES;
				CLANG_WARN_COMMA = YES;
				CLANG_WARN_CONSTANT_CONVERSION = YES;
				CLANG_WARN_DEPRECATED_OBJC_IMPLEMENTATIONS = YES;
				CLANG_WARN_DIRECT_OBJC_ISA_USAGE = YES_ERROR;
				CLANG_WARN_DOCUMENTATION_COMMENTS = YES;
				CLANG_WARN_EMPTY_BODY = YES;
				CLANG_WARN_ENUM_CONVERSION = YES;
				CLANG_WARN_INFINITE_RECURSION = YES;
				CLANG_WARN_INT_CONVERSION = YES;
				CLANG_WARN_NON_LITERAL_NULL_CONVERSION = YES;
				CLANG_WARN_OBJC_IMPLICIT_RETAIN_SELF = YES;
				CLANG_WARN_OBJC_LITERAL_CONVERSION = YES;
				CLANG_WARN_OBJC_ROOT_CLASS = YES_ERROR;
				CLANG_WARN_RANGE_LOOP_ANALYSIS = YES;
				CLANG_WARN_STRICT_PROTOTYPES = YES;
				CLANG_WARN_SUSPICIOUS_MOVE = YES;
				CLANG_WARN_UNGUARDED_AVAILABILITY = YES_AGGRESSIVE;
				CLANG_WARN_UNREACHABLE_CODE = YES;
				CLANG_WARN__DUPLICATE_METHOD_MATCH = YES;
				CODE_SIGN_IDENTITY = "iPhone Developer";
				COPY_PHASE_STRIP = NO;
				DEBUG_INFORMATION_FORMAT = "dwarf-with-dsym";
				ENABLE_NS_ASSERTIONS = NO;
				ENABLE_STRICT_OBJC_MSGSEND = YES;
				GCC_C_LANGUAGE_STANDARD = gnu11;
				GCC_NO_COMMON_BLOCKS = YES;
				GCC_WARN_64_TO_32_BIT_CONVERSION = YES;
				GCC_WARN_ABOUT_RETURN_TYPE = YES_ERROR;
				GCC_WARN_UNDECLARED_SELECTOR = YES;
				GCC_WARN_UNINITIALIZED_AUTOS = YES_AGGRESSIVE;
				GCC_WARN_UNUSED_FUNCTION = YES;
				GCC_WARN_UNUSED_VARIABLE = YES;
				IPHONEOS_DEPLOYMENT_TARGET = 12.1;
				MTL_ENABLE_DEBUG_INFO = NO;
				MTL_FAST_MATH = YES;
				SDKROOT = iphoneos;
				SWIFT_COMPILATION_MODE = wholemodule;
				SWIFT_OPTIMIZATION_LEVEL = "-O";
				VALIDATE_PRODUCT = YES;
			};
			name = Release;
		};
		44F2760A221BD8FC00B00994 /* Debug */ = {
			isa = XCBuildConfiguration;
			buildSettings = {
				ASSETCATALOG_COMPILER_APPICON_NAME = AppIcon;
				CODE_SIGN_STYLE = Automatic;
				DEVELOPMENT_TEAM = UGF8LH8K7F;
				INFOPLIST_FILE = CleanIOS/Info.plist;
				LD_RUNPATH_SEARCH_PATHS = (
					"$(inherited)",
					"@executable_path/Frameworks",
				);
				PRODUCT_BUNDLE_IDENTIFIER = com.clean.ios.CleanIOS;
				PRODUCT_NAME = "$(TARGET_NAME)";
				SWIFT_VERSION = 4.2;
				TARGETED_DEVICE_FAMILY = "1,2";
			};
			name = Debug;
		};
		44F2760B221BD8FC00B00994 /* Release */ = {
			isa = XCBuildConfiguration;
			buildSettings = {
				ASSETCATALOG_COMPILER_APPICON_NAME = AppIcon;
				CODE_SIGN_STYLE = Automatic;
				DEVELOPMENT_TEAM = UGF8LH8K7F;
				INFOPLIST_FILE = CleanIOS/Info.plist;
				LD_RUNPATH_SEARCH_PATHS = (
					"$(inherited)",
					"@executable_path/Frameworks",
				);
				PRODUCT_BUNDLE_IDENTIFIER = com.clean.ios.CleanIOS;
				PRODUCT_NAME = "$(TARGET_NAME)";
				SWIFT_VERSION = 4.2;
				TARGETED_DEVICE_FAMILY = "1,2";
			};
			name = Release;
		};
		44F2760D221BD8FC00B00994 /* Debug */ = {
			isa = XCBuildConfiguration;
			buildSettings = {
				ALWAYS_EMBED_SWIFT_STANDARD_LIBRARIES = YES;
				BUNDLE_LOADER = "$(TEST_HOST)";
				CODE_SIGN_STYLE = Automatic;
				DEVELOPMENT_TEAM = UGF8LH8K7F;
				INFOPLIST_FILE = CleanIOSTests/Info.plist;
				LD_RUNPATH_SEARCH_PATHS = (
					"$(inherited)",
					"@executable_path/Frameworks",
					"@loader_path/Frameworks",
				);
				PRODUCT_BUNDLE_IDENTIFIER = com.clean.ios.CleanIOSTests;
				PRODUCT_NAME = "$(TARGET_NAME)";
				SWIFT_VERSION = 4.2;
				TARGETED_DEVICE_FAMILY = "1,2";
				TEST_HOST = "$(BUILT_PRODUCTS_DIR)/CleanIOS.app/CleanIOS";
			};
			name = Debug;
		};
		44F2760E221BD8FC00B00994 /* Release */ = {
			isa = XCBuildConfiguration;
			buildSettings = {
				ALWAYS_EMBED_SWIFT_STANDARD_LIBRARIES = YES;
				BUNDLE_LOADER = "$(TEST_HOST)";
				CODE_SIGN_STYLE = Automatic;
				DEVELOPMENT_TEAM = UGF8LH8K7F;
				INFOPLIST_FILE = CleanIOSTests/Info.plist;
				LD_RUNPATH_SEARCH_PATHS = (
					"$(inherited)",
					"@executable_path/Frameworks",
					"@loader_path/Frameworks",
				);
				PRODUCT_BUNDLE_IDENTIFIER = com.clean.ios.CleanIOSTests;
				PRODUCT_NAME = "$(TARGET_NAME)";
				SWIFT_VERSION = 4.2;
				TARGETED_DEVICE_FAMILY = "1,2";
				TEST_HOST = "$(BUILT_PRODUCTS_DIR)/CleanIOS.app/CleanIOS";
			};
			name = Release;
		};
		44F27610221BD8FC00B00994 /* Debug */ = {
			isa = XCBuildConfiguration;
			buildSettings = {
				ALWAYS_EMBED_SWIFT_STANDARD_LIBRARIES = YES;
				CODE_SIGN_STYLE = Automatic;
				DEVELOPMENT_TEAM = UGF8LH8K7F;
				INFOPLIST_FILE = CleanIOSUITests/Info.plist;
				LD_RUNPATH_SEARCH_PATHS = (
					"$(inherited)",
					"@executable_path/Frameworks",
					"@loader_path/Frameworks",
				);
				PRODUCT_BUNDLE_IDENTIFIER = com.clean.ios.CleanIOSUITests;
				PRODUCT_NAME = "$(TARGET_NAME)";
				SWIFT_VERSION = 4.2;
				TARGETED_DEVICE_FAMILY = "1,2";
				TEST_TARGET_NAME = CleanIOS;
			};
			name = Debug;
		};
		44F27611221BD8FC00B00994 /* Release */ = {
			isa = XCBuildConfiguration;
			buildSettings = {
				ALWAYS_EMBED_SWIFT_STANDARD_LIBRARIES = YES;
				CODE_SIGN_STYLE = Automatic;
				DEVELOPMENT_TEAM = UGF8LH8K7F;
				INFOPLIST_FILE = CleanIOSUITests/Info.plist;
				LD_RUNPATH_SEARCH_PATHS = (
					"$(inherited)",
					"@executable_path/Frameworks",
					"@loader_path/Frameworks",
				);
				PRODUCT_BUNDLE_IDENTIFIER = com.clean.ios.CleanIOSUITests;
				PRODUCT_NAME = "$(TARGET_NAME)";
				SWIFT_VERSION = 4.2;
				TARGETED_DEVICE_FAMILY = "1,2";
				TEST_TARGET_NAME = CleanIOS;
			};
			name = Release;
		};
/* End XCBuildConfiguration section */

/* Begin XCConfigurationList section */
		44F275DC221BD8F900B00994 /* Build configuration list for PBXProject "CleanIOS" */ = {
			isa = XCConfigurationList;
			buildConfigurations = (
				44F27607221BD8FC00B00994 /* Debug */,
				44F27608221BD8FC00B00994 /* Release */,
			);
			defaultConfigurationIsVisible = 0;
			defaultConfigurationName = Release;
		};
		44F27609221BD8FC00B00994 /* Build configuration list for PBXNativeTarget "CleanIOS" */ = {
			isa = XCConfigurationList;
			buildConfigurations = (
				44F2760A221BD8FC00B00994 /* Debug */,
				44F2760B221BD8FC00B00994 /* Release */,
			);
			defaultConfigurationIsVisible = 0;
			defaultConfigurationName = Release;
		};
		44F2760C221BD8FC00B00994 /* Build configuration list for PBXNativeTarget "CleanIOSTests" */ = {
			isa = XCConfigurationList;
			buildConfigurations = (
				44F2760D221BD8FC00B00994 /* Debug */,
				44F2760E221BD8FC00B00994 /* Release */,
			);
			defaultConfigurationIsVisible = 0;
			defaultConfigurationName = Release;
		};
		44F2760F221BD8FC00B00994 /* Build configuration list for PBXNativeTarget "CleanIOSUITests" */ = {
			isa = XCConfigurationList;
			buildConfigurations = (
				44F27610221BD8FC00B00994 /* Debug */,
				44F27611221BD8FC00B00994 /* Release */,
			);
			defaultConfigurationIsVisible = 0;
			defaultConfigurationName = Release;
		};
/* End XCConfigurationList section */
	};
	rootObject = 44F275D9221BD8F900B00994 /* Project object */;
}
